
Microsoft Visual Studio Solution File, Format Version 12.00
# Visual Studio Version 16
VisualStudioVersion = 16.0.30002.166
MinimumVisualStudioVersion = 10.0.40219.1
Project("{2150E333-8FDC-42A3-9474-1A3956D46DE8}") = "Solution Items", "Solution Items", "{77B4C3CB-C9F7-4AD6-83A3-438116651640}"
	ProjectSection(SolutionItems) = preProject
		.editorconfig = .editorconfig
		README.md = README.md
	EndProjectSection
EndProject
Project("{9A19103F-16F7-4668-BE54-9A1E7A4F7556}") = "FirstAspNetCoyote", "FirstAspNetCoyote\FirstAspNetCoyote.csproj", "{26B3A434-73AF-4522-8900-7E399C41F9E3}"
EndProject
Project("{9A19103F-16F7-4668-BE54-9A1E7A4F7556}") = "FirstCoyoteLibrary", "FirstCoyoteLibrary\FirstCoyoteLibrary.csproj", "{10B9BCD0-52D9-4F7C-BA7C-4F969AF837D2}"
EndProject
Project("{9A19103F-16F7-4668-BE54-9A1E7A4F7556}") = "SecondAspNetCoyote", "SecondAspNetCoyote\SecondAspNetCoyote.csproj", "{4D1E75D9-814C-4FCE-B5B4-34939DF1AB8D}"
EndProject
Project("{9A19103F-16F7-4668-BE54-9A1E7A4F7556}") = "SecondCoyoteLibrary", "SecondCoyoteLibrary\SecondCoyoteLibrary.csproj", "{7F1FC753-936D-4784-A7E6-D6829454D447}"
EndProject
Project("{9A19103F-16F7-4668-BE54-9A1E7A4F7556}") = "SecondAspNetCoyoteTests", "SecondAspNetCoyoteTests\SecondAspNetCoyoteTests.csproj", "{42E19B3F-0C24-4397-85C8-AB4D94F2EBFE}"
EndProject
Project("{9A19103F-16F7-4668-BE54-9A1E7A4F7556}") = "SecondAspnetCoyoteXUnitTests", "SecondAspnetCoyoteXUnitTests\SecondAspnetCoyoteXUnitTests.csproj", "{37EEDF37-2D21-4BA4-8D89-2EE21E3ECE66}"
EndProject
Project("{FAE04EC0-301F-11D3-BF4B-00C04F79EFBC}") = "ThirdAspNetApplication.Server", "ThirdAspNetCoyote\ThirdAspNetApplication\Server\ThirdAspNetApplication.Server.csproj", "{64577841-7D28-4C93-AB54-9F2C59D1A11C}"
EndProject
Project("{FAE04EC0-301F-11D3-BF4B-00C04F79EFBC}") = "ThirdAspNetApplication.Client", "ThirdAspNetCoyote\ThirdAspNetApplication\Client\ThirdAspNetApplication.Client.csproj", "{69E19C9C-546C-4177-91D7-DCBDFF51735F}"
EndProject
Project("{FAE04EC0-301F-11D3-BF4B-00C04F79EFBC}") = "ThirdAspNetApplication.Shared", "ThirdAspNetCoyote\ThirdAspNetApplication\Shared\ThirdAspNetApplication.Shared.csproj", "{69CDC150-BD2E-46C2-BAB9-3D05DA364FA3}"
EndProject
Project("{FAE04EC0-301F-11D3-BF4B-00C04F79EFBC}") = "ThirdCoyoteLibrary", "ThirdAspNetCoyote\ThirdAspNetApplication\ThirdCoyoteLibrary\ThirdCoyoteLibrary.csproj", "{3F805280-D7D6-49E7-BB21-F4629D66E2CA}"
EndProject
Global
	GlobalSection(SolutionConfigurationPlatforms) = preSolution
		Debug|Any CPU = Debug|Any CPU
		Release|Any CPU = Release|Any CPU
	EndGlobalSection
	GlobalSection(ProjectConfigurationPlatforms) = postSolution
		{26B3A434-73AF-4522-8900-7E399C41F9E3}.Debug|Any CPU.ActiveCfg = Debug|Any CPU
		{26B3A434-73AF-4522-8900-7E399C41F9E3}.Debug|Any CPU.Build.0 = Debug|Any CPU
		{26B3A434-73AF-4522-8900-7E399C41F9E3}.Release|Any CPU.ActiveCfg = Release|Any CPU
		{26B3A434-73AF-4522-8900-7E399C41F9E3}.Release|Any CPU.Build.0 = Release|Any CPU
		{10B9BCD0-52D9-4F7C-BA7C-4F969AF837D2}.Debug|Any CPU.ActiveCfg = Debug|Any CPU
		{10B9BCD0-52D9-4F7C-BA7C-4F969AF837D2}.Debug|Any CPU.Build.0 = Debug|Any CPU
		{10B9BCD0-52D9-4F7C-BA7C-4F969AF837D2}.Release|Any CPU.ActiveCfg = Release|Any CPU
		{10B9BCD0-52D9-4F7C-BA7C-4F969AF837D2}.Release|Any CPU.Build.0 = Release|Any CPU
		{4D1E75D9-814C-4FCE-B5B4-34939DF1AB8D}.Debug|Any CPU.ActiveCfg = Debug|Any CPU
		{4D1E75D9-814C-4FCE-B5B4-34939DF1AB8D}.Debug|Any CPU.Build.0 = Debug|Any CPU
		{4D1E75D9-814C-4FCE-B5B4-34939DF1AB8D}.Release|Any CPU.ActiveCfg = Release|Any CPU
		{4D1E75D9-814C-4FCE-B5B4-34939DF1AB8D}.Release|Any CPU.Build.0 = Release|Any CPU
		{7F1FC753-936D-4784-A7E6-D6829454D447}.Debug|Any CPU.ActiveCfg = Debug|Any CPU
		{7F1FC753-936D-4784-A7E6-D6829454D447}.Debug|Any CPU.Build.0 = Debug|Any CPU
		{7F1FC753-936D-4784-A7E6-D6829454D447}.Release|Any CPU.ActiveCfg = Release|Any CPU
		{7F1FC753-936D-4784-A7E6-D6829454D447}.Release|Any CPU.Build.0 = Release|Any CPU
		{42E19B3F-0C24-4397-85C8-AB4D94F2EBFE}.Debug|Any CPU.ActiveCfg = Debug|Any CPU
		{42E19B3F-0C24-4397-85C8-AB4D94F2EBFE}.Debug|Any CPU.Build.0 = Debug|Any CPU
		{42E19B3F-0C24-4397-85C8-AB4D94F2EBFE}.Release|Any CPU.ActiveCfg = Release|Any CPU
		{42E19B3F-0C24-4397-85C8-AB4D94F2EBFE}.Release|Any CPU.Build.0 = Release|Any CPU
		{37EEDF37-2D21-4BA4-8D89-2EE21E3ECE66}.Debug|Any CPU.ActiveCfg = Debug|Any CPU
		{37EEDF37-2D21-4BA4-8D89-2EE21E3ECE66}.Debug|Any CPU.Build.0 = Debug|Any CPU
		{37EEDF37-2D21-4BA4-8D89-2EE21E3ECE66}.Release|Any CPU.ActiveCfg = Release|Any CPU
		{37EEDF37-2D21-4BA4-8D89-2EE21E3ECE66}.Release|Any CPU.Build.0 = Release|Any CPU
		{64577841-7D28-4C93-AB54-9F2C59D1A11C}.Debug|Any CPU.ActiveCfg = Debug|Any CPU
		{64577841-7D28-4C93-AB54-9F2C59D1A11C}.Debug|Any CPU.Build.0 = Debug|Any CPU
		{64577841-7D28-4C93-AB54-9F2C59D1A11C}.Release|Any CPU.ActiveCfg = Release|Any CPU
		{64577841-7D28-4C93-AB54-9F2C59D1A11C}.Release|Any CPU.Build.0 = Release|Any CPU
		{69E19C9C-546C-4177-91D7-DCBDFF51735F}.Debug|Any CPU.ActiveCfg = Debug|Any CPU
		{69E19C9C-546C-4177-91D7-DCBDFF51735F}.Debug|Any CPU.Build.0 = Debug|Any CPU
		{69E19C9C-546C-4177-91D7-DCBDFF51735F}.Release|Any CPU.ActiveCfg = Release|Any CPU
		{69E19C9C-546C-4177-91D7-DCBDFF51735F}.Release|Any CPU.Build.0 = Release|Any CPU
		{69CDC150-BD2E-46C2-BAB9-3D05DA364FA3}.Debug|Any CPU.ActiveCfg = Debug|Any CPU
		{69CDC150-BD2E-46C2-BAB9-3D05DA364FA3}.Debug|Any CPU.Build.0 = Debug|Any CPU
		{69CDC150-BD2E-46C2-BAB9-3D05DA364FA3}.Release|Any CPU.ActiveCfg = Release|Any CPU
		{69CDC150-BD2E-46C2-BAB9-3D05DA364FA3}.Release|Any CPU.Build.0 = Release|Any CPU
		{3F805280-D7D6-49E7-BB21-F4629D66E2CA}.Debug|Any CPU.ActiveCfg = Debug|Any CPU
		{3F805280-D7D6-49E7-BB21-F4629D66E2CA}.Debug|Any CPU.Build.0 = Debug|Any CPU
		{3F805280-D7D6-49E7-BB21-F4629D66E2CA}.Release|Any CPU.ActiveCfg = Release|Any CPU
		{3F805280-D7D6-49E7-BB21-F4629D66E2CA}.Release|Any CPU.Build.0 = Release|Any CPU
	EndGlobalSection
	GlobalSection(SolutionProperties) = preSolution
		HideSolutionNode = FALSE
	EndGlobalSection
	GlobalSection(ExtensibilityGlobals) = postSolution
		SolutionGuid = {228E826B-E076-4C80-81C8-CB3ECC63ADFF}
	EndGlobalSection
EndGlobal
