
Microsoft Visual Studio Solution File, Format Version 12.00
# Visual Studio Version 16
VisualStudioVersion = 16.0.30002.166
MinimumVisualStudioVersion = 10.0.40219.1
Project("{2150E333-8FDC-42A3-9474-1A3956D46DE8}") = "Solution Items", "Solution Items", "{77B4C3CB-C9F7-4AD6-83A3-438116651640}"
	ProjectSection(SolutionItems) = preProject
		.editorconfig = .editorconfig
	EndProjectSection
EndProject
Project("{9A19103F-16F7-4668-BE54-9A1E7A4F7556}") = "FirstAspNetCoyote", "FirstAspNetCoyote\FirstAspNetCoyote.csproj", "{26B3A434-73AF-4522-8900-7E399C41F9E3}"
EndProject
Project("{9A19103F-16F7-4668-BE54-9A1E7A4F7556}") = "FirstCoyoteLibrary", "FirstCoyoteLibrary\FirstCoyoteLibrary.csproj", "{10B9BCD0-52D9-4F7C-BA7C-4F969AF837D2}"
EndProject
Global
	GlobalSection(SolutionConfigurationPlatforms) = preSolution
		Debug|Any CPU = Debug|Any CPU
		Release|Any CPU = Release|Any CPU
	EndGlobalSection
	GlobalSection(ProjectConfigurationPlatforms) = postSolution
		{26B3A434-73AF-4522-8900-7E399C41F9E3}.Debug|Any CPU.ActiveCfg = Debug|Any CPU
		{26B3A434-73AF-4522-8900-7E399C41F9E3}.Debug|Any CPU.Build.0 = Debug|Any CPU
		{26B3A434-73AF-4522-8900-7E399C41F9E3}.Release|Any CPU.ActiveCfg = Release|Any CPU
		{26B3A434-73AF-4522-8900-7E399C41F9E3}.Release|Any CPU.Build.0 = Release|Any CPU
		{10B9BCD0-52D9-4F7C-BA7C-4F969AF837D2}.Debug|Any CPU.ActiveCfg = Debug|Any CPU
		{10B9BCD0-52D9-4F7C-BA7C-4F969AF837D2}.Debug|Any CPU.Build.0 = Debug|Any CPU
		{10B9BCD0-52D9-4F7C-BA7C-4F969AF837D2}.Release|Any CPU.ActiveCfg = Release|Any CPU
		{10B9BCD0-52D9-4F7C-BA7C-4F969AF837D2}.Release|Any CPU.Build.0 = Release|Any CPU
	EndGlobalSection
	GlobalSection(SolutionProperties) = preSolution
		HideSolutionNode = FALSE
	EndGlobalSection
	GlobalSection(ExtensibilityGlobals) = postSolution
		SolutionGuid = {228E826B-E076-4C80-81C8-CB3ECC63ADFF}
	EndGlobalSection
EndGlobal
